
Microsoft Visual Studio Solution File, Format Version 12.00
# Visual Studio Version 17
VisualStudioVersion = 17.5.33516.290
MinimumVisualStudioVersion = 10.0.40219.1
Project("{FAE04EC0-301F-11D3-BF4B-00C04F79EFBC}") = "prjMidtermTopic", "prjMidtermTopic\prjMidtermTopic.csproj", "{61FBF6A4-D125-42B7-B282-AF62922C638F}"
EndProject
Project("{9A19103F-16F7-4668-BE54-9A1E7A4F7556}") = "TestProject01", "TestProject01\TestProject01.csproj", "{5873C916-955C-4FB7-85B8-51727FB8701D}"
EndProject
Project("{FAE04EC0-301F-11D3-BF4B-00C04F79EFBC}") = "TestConsole", "TestConsole\TestConsole.csproj", "{343DAF9E-1938-4B1F-B539-C4103A76C9ED}"
EndProject
Project("{FAE04EC0-301F-11D3-BF4B-00C04F79EFBC}") = "ISpan147.Estore.SqlDataLayer", "ISpan147.Estore.SqlDataLayer\ISpan147.Estore.SqlDataLayer.csproj", "{9EE28126-8C44-4F99-867D-E316D537541B}"
EndProject
Global
	GlobalSection(SolutionConfigurationPlatforms) = preSolution
		Debug|Any CPU = Debug|Any CPU
		Release|Any CPU = Release|Any CPU
	EndGlobalSection
	GlobalSection(ProjectConfigurationPlatforms) = postSolution
		{61FBF6A4-D125-42B7-B282-AF62922C638F}.Debug|Any CPU.ActiveCfg = Debug|Any CPU
		{61FBF6A4-D125-42B7-B282-AF62922C638F}.Debug|Any CPU.Build.0 = Debug|Any CPU
		{61FBF6A4-D125-42B7-B282-AF62922C638F}.Release|Any CPU.ActiveCfg = Release|Any CPU
		{61FBF6A4-D125-42B7-B282-AF62922C638F}.Release|Any CPU.Build.0 = Release|Any CPU
		{5873C916-955C-4FB7-85B8-51727FB8701D}.Debug|Any CPU.ActiveCfg = Debug|Any CPU
		{5873C916-955C-4FB7-85B8-51727FB8701D}.Debug|Any CPU.Build.0 = Debug|Any CPU
		{5873C916-955C-4FB7-85B8-51727FB8701D}.Release|Any CPU.ActiveCfg = Release|Any CPU
		{5873C916-955C-4FB7-85B8-51727FB8701D}.Release|Any CPU.Build.0 = Release|Any CPU
		{343DAF9E-1938-4B1F-B539-C4103A76C9ED}.Debug|Any CPU.ActiveCfg = Debug|Any CPU
		{343DAF9E-1938-4B1F-B539-C4103A76C9ED}.Debug|Any CPU.Build.0 = Debug|Any CPU
		{343DAF9E-1938-4B1F-B539-C4103A76C9ED}.Release|Any CPU.ActiveCfg = Release|Any CPU
		{343DAF9E-1938-4B1F-B539-C4103A76C9ED}.Release|Any CPU.Build.0 = Release|Any CPU
		{9EE28126-8C44-4F99-867D-E316D537541B}.Debug|Any CPU.ActiveCfg = Debug|Any CPU
		{9EE28126-8C44-4F99-867D-E316D537541B}.Debug|Any CPU.Build.0 = Debug|Any CPU
		{9EE28126-8C44-4F99-867D-E316D537541B}.Release|Any CPU.ActiveCfg = Release|Any CPU
		{9EE28126-8C44-4F99-867D-E316D537541B}.Release|Any CPU.Build.0 = Release|Any CPU
	EndGlobalSection
	GlobalSection(SolutionProperties) = preSolution
		HideSolutionNode = FALSE
	EndGlobalSection
	GlobalSection(ExtensibilityGlobals) = postSolution
		SolutionGuid = {8D912D91-6C5E-4626-B2CA-5C5D29804F11}
	EndGlobalSection
EndGlobal
